Microsoft Visual Studio Solution File, Format Version 12.00
# Visual Studio Version 17
VisualStudioVersion = 17.5.2.0
MinimumVisualStudioVersion = 10.0.40219.1
Project("{FAE04EC0-301F-11D3-BF4B-00C04F79EFBC}") = "gttoduf", "gttoduf.csproj", "{B27F72BA-D322-EB45-3698-98D2106030C6}"
EndProject
Global
	GlobalSection(SolutionConfigurationPlatforms) = preSolution
		Debug|Any CPU = Debug|Any CPU
		Release|Any CPU = Release|Any CPU
	EndGlobalSection
	GlobalSection(ProjectConfigurationPlatforms) = postSolution
		{B27F72BA-D322-EB45-3698-98D2106030C6}.Debug|Any CPU.ActiveCfg = Debug|Any CPU
		{B27F72BA-D322-EB45-3698-98D2106030C6}.Debug|Any CPU.Build.0 = Debug|Any CPU
		{B27F72BA-D322-EB45-3698-98D2106030C6}.Release|Any CPU.ActiveCfg = Release|Any CPU
		{B27F72BA-D322-EB45-3698-98D2106030C6}.Release|Any CPU.Build.0 = Release|Any CPU
	EndGlobalSection
	GlobalSection(SolutionProperties) = preSolution
		HideSolutionNode = FALSE
	EndGlobalSection
	GlobalSection(ExtensibilityGlobals) = postSolution
		SolutionGuid = {E9346510-F263-42A5-946C-20D157B7764C}
	EndGlobalSection
EndGlobal
